
Microsoft Visual Studio Solution File, Format Version 12.00
# Visual Studio Version 17
VisualStudioVersion = 17.0.32014.148
MinimumVisualStudioVersion = 10.0.40219.1
Project("{FAE04EC0-301F-11D3-BF4B-00C04F79EFBC}") = "AnimalAlcove", "AnimalAlcove\AnimalAlcove.csproj", "{FABA8D02-E8FB-4424-97F5-39A8F3EE834C}"
EndProject
Global
	GlobalSection(SolutionConfigurationPlatforms) = preSolution
		Debug|Any CPU = Debug|Any CPU
		Release|Any CPU = Release|Any CPU
	EndGlobalSection
	GlobalSection(ProjectConfigurationPlatforms) = postSolution
		{FABA8D02-E8FB-4424-97F5-39A8F3EE834C}.Debug|Any CPU.ActiveCfg = Debug|Any CPU
		{FABA8D02-E8FB-4424-97F5-39A8F3EE834C}.Debug|Any CPU.Build.0 = Debug|Any CPU
		{FABA8D02-E8FB-4424-97F5-39A8F3EE834C}.Release|Any CPU.ActiveCfg = Release|Any CPU
		{FABA8D02-E8FB-4424-97F5-39A8F3EE834C}.Release|Any CPU.Build.0 = Release|Any CPU
	EndGlobalSection
	GlobalSection(SolutionProperties) = preSolution
		HideSolutionNode = FALSE
	EndGlobalSection
	GlobalSection(ExtensibilityGlobals) = postSolution
		SolutionGuid = {616A91BA-CCCE-42E7-913C-2068858B5B0D}
	EndGlobalSection
EndGlobal
